// !$*UTF8*$!
{
	archiveVersion = 1;
	classes = {
	};
	objectVersion = 55;
	objects = {

/* Begin PBXBuildFile section */
		2523232A278EDF5C008449E2 /* SizeHelper.swift in Sources */ = {isa = PBXBuildFile; fileRef = 25232329278EDF5C008449E2 /* SizeHelper.swift */; };
		2523232D278EE529008449E2 /* CustomTextField.swift in Sources */ = {isa = PBXBuildFile; fileRef = 2523232C278EE529008449E2 /* CustomTextField.swift */; };
		2523232F278EE5D1008449E2 /* UIColor+Extension.swift in Sources */ = {isa = PBXBuildFile; fileRef = 2523232E278EE5D1008449E2 /* UIColor+Extension.swift */; };
		25232331278EEC9F008449E2 /* CustomLoginButton.swift in Sources */ = {isa = PBXBuildFile; fileRef = 25232330278EEC9F008449E2 /* CustomLoginButton.swift */; };
		25232333278EFABD008449E2 /* LoginVM.swift in Sources */ = {isa = PBXBuildFile; fileRef = 25232332278EFABD008449E2 /* LoginVM.swift */; };
		25666E4C278EBE79009B9C78 /* AppDelegate.swift in Sources */ = {isa = PBXBuildFile; fileRef = 25666E4B278EBE79009B9C78 /* AppDelegate.swift */; };
		25666E4E278EBE79009B9C78 /* SceneDelegate.swift in Sources */ = {isa = PBXBuildFile; fileRef = 25666E4D278EBE79009B9C78 /* SceneDelegate.swift */; };
		25666E50278EBE79009B9C78 /* LoginViewController.swift in Sources */ = {isa = PBXBuildFile; fileRef = 25666E4F278EBE79009B9C78 /* LoginViewController.swift */; };
		25666E55278EBE7A009B9C78 /* Assets.xcassets in Resources */ = {isa = PBXBuildFile; fileRef = 25666E54278EBE7A009B9C78 /* Assets.xcassets */; };
		25666E58278EBE7A009B9C78 /* LaunchScreen.storyboard in Resources */ = {isa = PBXBuildFile; fileRef = 25666E56278EBE7A009B9C78 /* LaunchScreen.storyboard */; };
		259B04C8278EC61C005399C8 /* MainTabbarController.swift in Sources */ = {isa = PBXBuildFile; fileRef = 259B04C7278EC61C005399C8 /* MainTabbarController.swift */; };
		259B04CC278EC64B005399C8 /* Constant.swift in Sources */ = {isa = PBXBuildFile; fileRef = 259B04CB278EC64B005399C8 /* Constant.swift */; };
		259B04CE278EC939005399C8 /* AppCoordinator.swift in Sources */ = {isa = PBXBuildFile; fileRef = 259B04CD278EC939005399C8 /* AppCoordinator.swift */; };
		259B04D1278EC9E4005399C8 /* LoginCoordinator.swift in Sources */ = {isa = PBXBuildFile; fileRef = 259B04D0278EC9E4005399C8 /* LoginCoordinator.swift */; };
		259B04D3278ECBFB005399C8 /* UIFont.swift in Sources */ = {isa = PBXBuildFile; fileRef = 259B04D2278ECBFB005399C8 /* UIFont.swift */; };
		92FE44C350D8ECCFD397F556 /* Pods_NaengjangGO_iOS.framework in Frameworks */ = {isa = PBXBuildFile; fileRef = 6F292CBA2B37BE115C64F91B /* Pods_NaengjangGO_iOS.framework */; };
/* End PBXBuildFile section */

/* Begin PBXFileReference section */
		0C80FBFD356DB7AB6AB014F2 /* Pods-NaengjangGO_iOS.debug.xcconfig */ = {isa = PBXFileReference; includeInIndex = 1; lastKnownFileType = text.xcconfig; name = "Pods-NaengjangGO_iOS.debug.xcconfig"; path = "Target Support Files/Pods-NaengjangGO_iOS/Pods-NaengjangGO_iOS.debug.xcconfig"; sourceTree = "<group>"; };
		25232329278EDF5C008449E2 /* SizeHelper.swift */ = {isa = PBXFileReference; lastKnownFileType = sourcecode.swift; path = SizeHelper.swift; sourceTree = "<group>"; };
		2523232C278EE529008449E2 /* CustomTextField.swift */ = {isa = PBXFileReference; lastKnownFileType = sourcecode.swift; path = CustomTextField.swift; sourceTree = "<group>"; };
		2523232E278EE5D1008449E2 /* UIColor+Extension.swift */ = {isa = PBXFileReference; lastKnownFileType = sourcecode.swift; path = "UIColor+Extension.swift"; sourceTree = "<group>"; };
		25232330278EEC9F008449E2 /* CustomLoginButton.swift */ = {isa = PBXFileReference; lastKnownFileType = sourcecode.swift; path = CustomLoginButton.swift; sourceTree = "<group>"; };
		25232332278EFABD008449E2 /* LoginVM.swift */ = {isa = PBXFileReference; lastKnownFileType = sourcecode.swift; path = LoginVM.swift; sourceTree = "<group>"; };
		25666E48278EBE79009B9C78 /* NaengjangGO_iOS.app */ = {isa = PBXFileReference; explicitFileType = wrapper.application; includeInIndex = 0; path = NaengjangGO_iOS.app; sourceTree = BUILT_PRODUCTS_DIR; };
		25666E4B278EBE79009B9C78 /* AppDelegate.swift */ = {isa = PBXFileReference; lastKnownFileType = sourcecode.swift; path = AppDelegate.swift; sourceTree = "<group>"; };
		25666E4D278EBE79009B9C78 /* SceneDelegate.swift */ = {isa = PBXFileReference; lastKnownFileType = sourcecode.swift; path = SceneDelegate.swift; sourceTree = "<group>"; };
		25666E4F278EBE79009B9C78 /* LoginViewController.swift */ = {isa = PBXFileReference; lastKnownFileType = sourcecode.swift; path = LoginViewController.swift; sourceTree = "<group>"; };
		25666E54278EBE7A009B9C78 /* Assets.xcassets */ = {isa = PBXFileReference; lastKnownFileType = folder.assetcatalog; path = Assets.xcassets; sourceTree = "<group>"; };
		25666E57278EBE7A009B9C78 /* Base */ = {isa = PBXFileReference; lastKnownFileType = file.storyboard; name = Base; path = Base.lproj/LaunchScreen.storyboard; sourceTree = "<group>"; };
		25666E59278EBE7A009B9C78 /* Info.plist */ = {isa = PBXFileReference; lastKnownFileType = text.plist.xml; path = Info.plist; sourceTree = "<group>"; };
		259B04C7278EC61C005399C8 /* MainTabbarController.swift */ = {isa = PBXFileReference; lastKnownFileType = sourcecode.swift; path = MainTabbarController.swift; sourceTree = "<group>"; };
		259B04CB278EC64B005399C8 /* Constant.swift */ = {isa = PBXFileReference; lastKnownFileType = sourcecode.swift; path = Constant.swift; sourceTree = "<group>"; };
		259B04CD278EC939005399C8 /* AppCoordinator.swift */ = {isa = PBXFileReference; lastKnownFileType = sourcecode.swift; path = AppCoordinator.swift; sourceTree = "<group>"; };
		259B04D0278EC9E4005399C8 /* LoginCoordinator.swift */ = {isa = PBXFileReference; lastKnownFileType = sourcecode.swift; path = LoginCoordinator.swift; sourceTree = "<group>"; };
		259B04D2278ECBFB005399C8 /* UIFont.swift */ = {isa = PBXFileReference; lastKnownFileType = sourcecode.swift; path = UIFont.swift; sourceTree = "<group>"; };
		6F292CBA2B37BE115C64F91B /* Pods_NaengjangGO_iOS.framework */ = {isa = PBXFileReference; explicitFileType = wrapper.framework; includeInIndex = 0; path = Pods_NaengjangGO_iOS.framework; sourceTree = BUILT_PRODUCTS_DIR; };
		E10AD0BDEFABB9B77E731F03 /* Pods-NaengjangGO_iOS.release.xcconfig */ = {isa = PBXFileReference; includeInIndex = 1; lastKnownFileType = text.xcconfig; name = "Pods-NaengjangGO_iOS.release.xcconfig"; path = "Target Support Files/Pods-NaengjangGO_iOS/Pods-NaengjangGO_iOS.release.xcconfig"; sourceTree = "<group>"; };
/* End PBXFileReference section */

/* Begin PBXFrameworksBuildPhase section */
		25666E45278EBE79009B9C78 /* Frameworks */ = {
			isa = PBXFrameworksBuildPhase;
			buildActionMask = 2147483647;
			files = (
				92FE44C350D8ECCFD397F556 /* Pods_NaengjangGO_iOS.framework in Frameworks */,
			);
			runOnlyForDeploymentPostprocessing = 0;
		};
/* End PBXFrameworksBuildPhase section */

/* Begin PBXGroup section */
		2523232B278EE51A008449E2 /* CustomView */ = {
			isa = PBXGroup;
			children = (
				2523232C278EE529008449E2 /* CustomTextField.swift */,
				25232330278EEC9F008449E2 /* CustomLoginButton.swift */,
			);
			path = CustomView;
			sourceTree = "<group>";
		};
		25232334278EFD4A008449E2 /* Router */ = {
			isa = PBXGroup;
			children = (
			);
			path = Router;
			sourceTree = "<group>";
		};
		25666E3F278EBE79009B9C78 = {
			isa = PBXGroup;
			children = (
				25666E4A278EBE79009B9C78 /* NaengjangGO_iOS */,
				25666E49278EBE79009B9C78 /* Products */,
				8386EE20597FBF74E4305360 /* Pods */,
				52EDBE75103903E3E3A3749D /* Frameworks */,
			);
			sourceTree = "<group>";
		};
		25666E49278EBE79009B9C78 /* Products */ = {
			isa = PBXGroup;
			children = (
				25666E48278EBE79009B9C78 /* NaengjangGO_iOS.app */,
			);
			name = Products;
			sourceTree = "<group>";
		};
		25666E4A278EBE79009B9C78 /* NaengjangGO_iOS */ = {
			isa = PBXGroup;
			children = (
				259B04CA278EC627005399C8 /* App */,
				259B04C9278EC622005399C8 /* Helpers */,
				259B04C2278EC5D8005399C8 /* Resources */,
				259B04C1278EC5D2005399C8 /* Sources */,
				25666E59278EBE7A009B9C78 /* Info.plist */,
			);
			path = NaengjangGO_iOS;
			sourceTree = "<group>";
		};
		259B04C1278EC5D2005399C8 /* Sources */ = {
			isa = PBXGroup;
			children = (
				25232334278EFD4A008449E2 /* Router */,
				259B04C5278EC5FF005399C8 /* 0.Authentication */,
				259B04C6278EC60B005399C8 /* 1.Main */,
			);
			path = Sources;
			sourceTree = "<group>";
		};
		259B04C2278EC5D8005399C8 /* Resources */ = {
			isa = PBXGroup;
			children = (
				25666E56278EBE7A009B9C78 /* LaunchScreen.storyboard */,
				25666E54278EBE7A009B9C78 /* Assets.xcassets */,
			);
			path = Resources;
			sourceTree = "<group>";
		};
		259B04C5278EC5FF005399C8 /* 0.Authentication */ = {
			isa = PBXGroup;
			children = (
				259B04CF278EC9D4005399C8 /* Login */,
			);
			path = 0.Authentication;
			sourceTree = "<group>";
		};
		259B04C6278EC60B005399C8 /* 1.Main */ = {
			isa = PBXGroup;
			children = (
				259B04C7278EC61C005399C8 /* MainTabbarController.swift */,
			);
			path = 1.Main;
			sourceTree = "<group>";
		};
		259B04C9278EC622005399C8 /* Helpers */ = {
			isa = PBXGroup;
			children = (
				2523232B278EE51A008449E2 /* CustomView */,
				259B04CB278EC64B005399C8 /* Constant.swift */,
				259B04D2278ECBFB005399C8 /* UIFont.swift */,
				25232329278EDF5C008449E2 /* SizeHelper.swift */,
				2523232E278EE5D1008449E2 /* UIColor+Extension.swift */,
			);
			path = Helpers;
			sourceTree = "<group>";
		};
		259B04CA278EC627005399C8 /* App */ = {
			isa = PBXGroup;
			children = (
				25666E4B278EBE79009B9C78 /* AppDelegate.swift */,
				25666E4D278EBE79009B9C78 /* SceneDelegate.swift */,
				259B04CD278EC939005399C8 /* AppCoordinator.swift */,
			);
			path = App;
			sourceTree = "<group>";
		};
		259B04CF278EC9D4005399C8 /* Login */ = {
			isa = PBXGroup;
			children = (
				25666E4F278EBE79009B9C78 /* LoginViewController.swift */,
				259B04D0278EC9E4005399C8 /* LoginCoordinator.swift */,
				25232332278EFABD008449E2 /* LoginVM.swift */,
			);
			path = Login;
			sourceTree = "<group>";
		};
		52EDBE75103903E3E3A3749D /* Frameworks */ = {
			isa = PBXGroup;
			children = (
				6F292CBA2B37BE115C64F91B /* Pods_NaengjangGO_iOS.framework */,
			);
			name = Frameworks;
			sourceTree = "<group>";
		};
		8386EE20597FBF74E4305360 /* Pods */ = {
			isa = PBXGroup;
			children = (
				0C80FBFD356DB7AB6AB014F2 /* Pods-NaengjangGO_iOS.debug.xcconfig */,
				E10AD0BDEFABB9B77E731F03 /* Pods-NaengjangGO_iOS.release.xcconfig */,
			);
			path = Pods;
			sourceTree = "<group>";
		};
/* End PBXGroup section */

/* Begin PBXNativeTarget section */
		25666E47278EBE79009B9C78 /* NaengjangGO_iOS */ = {
			isa = PBXNativeTarget;
			buildConfigurationList = 25666E5C278EBE7A009B9C78 /* Build configuration list for PBXNativeTarget "NaengjangGO_iOS" */;
			buildPhases = (
				8EBB502C0266B63E736CE1E2 /* [CP] Check Pods Manifest.lock */,
				25666E44278EBE79009B9C78 /* Sources */,
				25666E45278EBE79009B9C78 /* Frameworks */,
				25666E46278EBE79009B9C78 /* Resources */,
				2A017992DD8FEC01C5A2D3DD /* [CP] Embed Pods Frameworks */,
			);
			buildRules = (
			);
			dependencies = (
			);
			name = NaengjangGO_iOS;
			productName = NaengjangGO_iOS;
			productReference = 25666E48278EBE79009B9C78 /* NaengjangGO_iOS.app */;
			productType = "com.apple.product-type.application";
		};
/* End PBXNativeTarget section */

/* Begin PBXProject section */
		25666E40278EBE79009B9C78 /* Project object */ = {
			isa = PBXProject;
			attributes = {
				BuildIndependentTargetsInParallel = 1;
				LastSwiftUpdateCheck = 1320;
				LastUpgradeCheck = 1320;
				TargetAttributes = {
					25666E47278EBE79009B9C78 = {
						CreatedOnToolsVersion = 13.2.1;
					};
				};
			};
			buildConfigurationList = 25666E43278EBE79009B9C78 /* Build configuration list for PBXProject "NaengjangGO_iOS" */;
			compatibilityVersion = "Xcode 13.0";
			developmentRegion = en;
			hasScannedForEncodings = 0;
			knownRegions = (
				en,
				Base,
			);
			mainGroup = 25666E3F278EBE79009B9C78;
			productRefGroup = 25666E49278EBE79009B9C78 /* Products */;
			projectDirPath = "";
			projectRoot = "";
			targets = (
				25666E47278EBE79009B9C78 /* NaengjangGO_iOS */,
			);
		};
/* End PBXProject section */

/* Begin PBXResourcesBuildPhase section */
		25666E46278EBE79009B9C78 /* Resources */ = {
			isa = PBXResourcesBuildPhase;
			buildActionMask = 2147483647;
			files = (
				25666E58278EBE7A009B9C78 /* LaunchScreen.storyboard in Resources */,
				25666E55278EBE7A009B9C78 /* Assets.xcassets in Resources */,
			);
			runOnlyForDeploymentPostprocessing = 0;
		};
/* End PBXResourcesBuildPhase section */

/* Begin PBXShellScriptBuildPhase section */
		2A017992DD8FEC01C5A2D3DD /* [CP] Embed Pods Frameworks */ = {
			isa = PBXShellScriptBuildPhase;
			buildActionMask = 2147483647;
			files = (
			);
			inputFileListPaths = (
				"${PODS_ROOT}/Target Support Files/Pods-NaengjangGO_iOS/Pods-NaengjangGO_iOS-frameworks-${CONFIGURATION}-input-files.xcfilelist",
			);
			name = "[CP] Embed Pods Frameworks";
			outputFileListPaths = (
				"${PODS_ROOT}/Target Support Files/Pods-NaengjangGO_iOS/Pods-NaengjangGO_iOS-frameworks-${CONFIGURATION}-output-files.xcfilelist",
			);
			runOnlyForDeploymentPostprocessing = 0;
			shellPath = /bin/sh;
			shellScript = "\"${PODS_ROOT}/Target Support Files/Pods-NaengjangGO_iOS/Pods-NaengjangGO_iOS-frameworks.sh\"\n";
			showEnvVarsInLog = 0;
		};
		8EBB502C0266B63E736CE1E2 /* [CP] Check Pods Manifest.lock */ = {
			isa = PBXShellScriptBuildPhase;
			buildActionMask = 2147483647;
			files = (
			);
			inputFileListPaths = (
			);
			inputPaths = (
				"${PODS_PODFILE_DIR_PATH}/Podfile.lock",
				"${PODS_ROOT}/Manifest.lock",
			);
			name = "[CP] Check Pods Manifest.lock";
			outputFileListPaths = (
			);
			outputPaths = (
				"$(DERIVED_FILE_DIR)/Pods-NaengjangGO_iOS-checkManifestLockResult.txt",
			);
			runOnlyForDeploymentPostprocessing = 0;
			shellPath = /bin/sh;
			shellScript = "diff \"${PODS_PODFILE_DIR_PATH}/Podfile.lock\" \"${PODS_ROOT}/Manifest.lock\" > /dev/null\nif [ $? != 0 ] ; then\n    # print error to STDERR\n    echo \"error: The sandbox is not in sync with the Podfile.lock. Run 'pod install' or update your CocoaPods installation.\" >&2\n    exit 1\nfi\n# This output is used by Xcode 'outputs' to avoid re-running this script phase.\necho \"SUCCESS\" > \"${SCRIPT_OUTPUT_FILE_0}\"\n";
			showEnvVarsInLog = 0;
		};
/* End PBXShellScriptBuildPhase section */

/* Begin PBXSourcesBuildPhase section */
		25666E44278EBE79009B9C78 /* Sources */ = {
			isa = PBXSourcesBuildPhase;
			buildActionMask = 2147483647;
			files = (
				259B04CE278EC939005399C8 /* AppCoordinator.swift in Sources */,
				25232333278EFABD008449E2 /* LoginVM.swift in Sources */,
				25232331278EEC9F008449E2 /* CustomLoginButton.swift in Sources */,
				2523232A278EDF5C008449E2 /* SizeHelper.swift in Sources */,
				25666E50278EBE79009B9C78 /* LoginViewController.swift in Sources */,
				2523232F278EE5D1008449E2 /* UIColor+Extension.swift in Sources */,
				259B04D1278EC9E4005399C8 /* LoginCoordinator.swift in Sources */,
				2523232D278EE529008449E2 /* CustomTextField.swift in Sources */,
				259B04C8278EC61C005399C8 /* MainTabbarController.swift in Sources */,
				259B04D3278ECBFB005399C8 /* UIFont.swift in Sources */,
				259B04CC278EC64B005399C8 /* Constant.swift in Sources */,
				25666E4C278EBE79009B9C78 /* AppDelegate.swift in Sources */,
				25666E4E278EBE79009B9C78 /* SceneDelegate.swift in Sources */,
			);
			runOnlyForDeploymentPostprocessing = 0;
		};
/* End PBXSourcesBuildPhase section */

/* Begin PBXVariantGroup section */
		25666E56278EBE7A009B9C78 /* LaunchScreen.storyboard */ = {
			isa = PBXVariantGroup;
			children = (
				25666E57278EBE7A009B9C78 /* Base */,
			);
			name = LaunchScreen.storyboard;
			sourceTree = "<group>";
		};
/* End PBXVariantGroup section */

/* Begin XCBuildConfiguration section */
		25666E5A278EBE7A009B9C78 /* Debug */ = {
			isa = XCBuildConfiguration;
			buildSettings = {
				ALWAYS_SEARCH_USER_PATHS = NO;
				CLANG_ANALYZER_NONNULL = YES;
				CLANG_ANALYZER_NUMBER_OBJECT_CONVERSION = YES_AGGRESSIVE;
				CLANG_CXX_LANGUAGE_STANDARD = "gnu++17";
				CLANG_CXX_LIBRARY = "libc++";
				CLANG_ENABLE_MODULES = YES;
				CLANG_ENABLE_OBJC_ARC = YES;
				CLANG_ENABLE_OBJC_WEAK = YES;
				CLANG_WARN_BLOCK_CAPTURE_AUTORELEASING = YES;
				CLANG_WARN_BOOL_CONVERSION = YES;
				CLANG_WARN_COMMA = YES;
				CLANG_WARN_CONSTANT_CONVERSION = YES;
				CLANG_WARN_DEPRECATED_OBJC_IMPLEMENTATIONS = YES;
				CLANG_WARN_DIRECT_OBJC_ISA_USAGE = YES_ERROR;
				CLANG_WARN_DOCUMENTATION_COMMENTS = YES;
				CLANG_WARN_EMPTY_BODY = YES;
				CLANG_WARN_ENUM_CONVERSION = YES;
				CLANG_WARN_INFINITE_RECURSION = YES;
				CLANG_WARN_INT_CONVERSION = YES;
				CLANG_WARN_NON_LITERAL_NULL_CONVERSION = YES;
				CLANG_WARN_OBJC_IMPLICIT_RETAIN_SELF = YES;
				CLANG_WARN_OBJC_LITERAL_CONVERSION = YES;
				CLANG_WARN_OBJC_ROOT_CLASS = YES_ERROR;
				CLANG_WARN_QUOTED_INCLUDE_IN_FRAMEWORK_HEADER = YES;
				CLANG_WARN_RANGE_LOOP_ANALYSIS = YES;
				CLANG_WARN_STRICT_PROTOTYPES = YES;
				CLANG_WARN_SUSPICIOUS_MOVE = YES;
				CLANG_WARN_UNGUARDED_AVAILABILITY = YES_AGGRESSIVE;
				CLANG_WARN_UNREACHABLE_CODE = YES;
				CLANG_WARN__DUPLICATE_METHOD_MATCH = YES;
				COPY_PHASE_STRIP = NO;
				DEBUG_INFORMATION_FORMAT = dwarf;
				ENABLE_STRICT_OBJC_MSGSEND = YES;
				ENABLE_TESTABILITY = YES;
				GCC_C_LANGUAGE_STANDARD = gnu11;
				GCC_DYNAMIC_NO_PIC = NO;
				GCC_NO_COMMON_BLOCKS = YES;
				GCC_OPTIMIZATION_LEVEL = 0;
				GCC_PREPROCESSOR_DEFINITIONS = (
					"DEBUG=1",
					"$(inherited)",
				);
				GCC_WARN_64_TO_32_BIT_CONVERSION = YES;
				GCC_WARN_ABOUT_RETURN_TYPE = YES_ERROR;
				GCC_WARN_UNDECLARED_SELECTOR = YES;
				GCC_WARN_UNINITIALIZED_AUTOS = YES_AGGRESSIVE;
				GCC_WARN_UNUSED_FUNCTION = YES;
				GCC_WARN_UNUSED_VARIABLE = YES;
				IPHONEOS_DEPLOYMENT_TARGET = 15.2;
				MTL_ENABLE_DEBUG_INFO = INCLUDE_SOURCE;
				MTL_FAST_MATH = YES;
				ONLY_ACTIVE_ARCH = YES;
				SDKROOT = iphoneos;
				SWIFT_ACTIVE_COMPILATION_CONDITIONS = DEBUG;
				SWIFT_OPTIMIZATION_LEVEL = "-Onone";
			};
			name = Debug;
		};
		25666E5B278EBE7A009B9C78 /* Release */ = {
			isa = XCBuildConfiguration;
			buildSettings = {
				ALWAYS_SEARCH_USER_PATHS = NO;
				CLANG_ANALYZER_NONNULL = YES;
				CLANG_ANALYZER_NUMBER_OBJECT_CONVERSION = YES_AGGRESSIVE;
				CLANG_CXX_LANGUAGE_STANDARD = "gnu++17";
				CLANG_CXX_LIBRARY = "libc++";
				CLANG_ENABLE_MODULES = YES;
				CLANG_ENABLE_OBJC_ARC = YES;
				CLANG_ENABLE_OBJC_WEAK = YES;
				CLANG_WARN_BLOCK_CAPTURE_AUTORELEASING = YES;
				CLANG_WARN_BOOL_CONVERSION = YES;
				CLANG_WARN_COMMA = YES;
				CLANG_WARN_CONSTANT_CONVERSION = YES;
				CLANG_WARN_DEPRECATED_OBJC_IMPLEMENTATIONS = YES;
				CLANG_WARN_DIRECT_OBJC_ISA_USAGE = YES_ERROR;
				CLANG_WARN_DOCUMENTATION_COMMENTS = YES;
				CLANG_WARN_EMPTY_BODY = YES;
				CLANG_WARN_ENUM_CONVERSION = YES;
				CLANG_WARN_INFINITE_RECURSION = YES;
				CLANG_WARN_INT_CONVERSION = YES;
				CLANG_WARN_NON_LITERAL_NULL_CONVERSION = YES;
				CLANG_WARN_OBJC_IMPLICIT_RETAIN_SELF = YES;
				CLANG_WARN_OBJC_LITERAL_CONVERSION = YES;
				CLANG_WARN_OBJC_ROOT_CLASS = YES_ERROR;
				CLANG_WARN_QUOTED_INCLUDE_IN_FRAMEWORK_HEADER = YES;
				CLANG_WARN_RANGE_LOOP_ANALYSIS = YES;
				CLANG_WARN_STRICT_PROTOTYPES = YES;
				CLANG_WARN_SUSPICIOUS_MOVE = YES;
				CLANG_WARN_UNGUARDED_AVAILABILITY = YES_AGGRESSIVE;
				CLANG_WARN_UNREACHABLE_CODE = YES;
				CLANG_WARN__DUPLICATE_METHOD_MATCH = YES;
				COPY_PHASE_STRIP = NO;
				DEBUG_INFORMATION_FORMAT = "dwarf-with-dsym";
				ENABLE_NS_ASSERTIONS = NO;
				ENABLE_STRICT_OBJC_MSGSEND = YES;
				GCC_C_LANGUAGE_STANDARD = gnu11;
				GCC_NO_COMMON_BLOCKS = YES;
				GCC_WARN_64_TO_32_BIT_CONVERSION = YES;
				GCC_WARN_ABOUT_RETURN_TYPE = YES_ERROR;
				GCC_WARN_UNDECLARED_SELECTOR = YES;
				GCC_WARN_UNINITIALIZED_AUTOS = YES_AGGRESSIVE;
				GCC_WARN_UNUSED_FUNCTION = YES;
				GCC_WARN_UNUSED_VARIABLE = YES;
				IPHONEOS_DEPLOYMENT_TARGET = 15.2;
				MTL_ENABLE_DEBUG_INFO = NO;
				MTL_FAST_MATH = YES;
				SDKROOT = iphoneos;
				SWIFT_COMPILATION_MODE = wholemodule;
				SWIFT_OPTIMIZATION_LEVEL = "-O";
				VALIDATE_PRODUCT = YES;
			};
			name = Release;
		};
		25666E5D278EBE7A009B9C78 /* Debug */ = {
			isa = XCBuildConfiguration;
			baseConfigurationReference = 0C80FBFD356DB7AB6AB014F2 /* Pods-NaengjangGO_iOS.debug.xcconfig */;
			buildSettings = {
				ASSETCATALOG_COMPILER_APPICON_NAME = AppIcon;
				ASSETCATALOG_COMPILER_GLOBAL_ACCENT_COLOR_NAME = AccentColor;
				CODE_SIGN_STYLE = Automatic;
				CURRENT_PROJECT_VERSION = 1;
				DEVELOPMENT_TEAM = 5WAUHBZJ8Z;
				GENERATE_INFOPLIST_FILE = YES;
				INFOPLIST_FILE = NaengjangGO_iOS/Info.plist;
				INFOPLIST_KEY_UIApplicationSupportsIndirectInputEvents = YES;
				INFOPLIST_KEY_UILaunchStoryboardName = LaunchScreen;
				INFOPLIST_KEY_UISupportedInterfaceOrientations_iPad = "UIInterfaceOrientationPortrait UIInterfaceOrientationPortraitUpsideDown UIInterfaceOrientationLandscapeLeft UIInterfaceOrientationLandscapeRight";
				INFOPLIST_KEY_UISupportedInterfaceOrientations_iPhone = "UIInterfaceOrientationPortrait UIInterfaceOrientationLandscapeLeft UIInterfaceOrientationLandscapeRight";
				LD_RUNPATH_SEARCH_PATHS = (
					"$(inherited)",
					"@executable_path/Frameworks",
				);
				MARKETING_VERSION = 1.0;
				PRODUCT_BUNDLE_IDENTIFIER = "uno.NaengjangGO-iOS";
				PRODUCT_NAME = "$(TARGET_NAME)";
				SWIFT_EMIT_LOC_STRINGS = YES;
				SWIFT_VERSION = 5.0;
				TARGETED_DEVICE_FAMILY = "1,2";
			};
			name = Debug;
		};
		25666E5E278EBE7A009B9C78 /* Release */ = {
			isa = XCBuildConfiguration;
			baseConfigurationReference = E10AD0BDEFABB9B77E731F03 /* Pods-NaengjangGO_iOS.release.xcconfig */;
			buildSettings = {
				ASSETCATALOG_COMPILER_APPICON_NAME = AppIcon;
				ASSETCATALOG_COMPILER_GLOBAL_ACCENT_COLOR_NAME = AccentColor;
				CODE_SIGN_STYLE = Automatic;
				CURRENT_PROJECT_VERSION = 1;
				DEVELOPMENT_TEAM = 5WAUHBZJ8Z;
				GENERATE_INFOPLIST_FILE = YES;
				INFOPLIST_FILE = NaengjangGO_iOS/Info.plist;
				INFOPLIST_KEY_UIApplicationSupportsIndirectInputEvents = YES;
				INFOPLIST_KEY_UILaunchStoryboardName = LaunchScreen;
				INFOPLIST_KEY_UISupportedInterfaceOrientations_iPad = "UIInterfaceOrientationPortrait UIInterfaceOrientationPortraitUpsideDown UIInterfaceOrientationLandscapeLeft UIInterfaceOrientationLandscapeRight";
				INFOPLIST_KEY_UISupportedInterfaceOrientations_iPhone = "UIInterfaceOrientationPortrait UIInterfaceOrientationLandscapeLeft UIInterfaceOrientationLandscapeRight";
				LD_RUNPATH_SEARCH_PATHS = (
					"$(inherited)",
					"@executable_path/Frameworks",
				);
				MARKETING_VERSION = 1.0;
				PRODUCT_BUNDLE_IDENTIFIER = "uno.NaengjangGO-iOS";
				PRODUCT_NAME = "$(TARGET_NAME)";
				SWIFT_EMIT_LOC_STRINGS = YES;
				SWIFT_VERSION = 5.0;
				TARGETED_DEVICE_FAMILY = "1,2";
			};
			name = Release;
		};
/* End XCBuildConfiguration section */

/* Begin XCConfigurationList section */
		25666E43278EBE79009B9C78 /* Build configuration list for PBXProject "NaengjangGO_iOS" */ = {
			isa = XCConfigurationList;
			buildConfigurations = (
				25666E5A278EBE7A009B9C78 /* Debug */,
				25666E5B278EBE7A009B9C78 /* Release */,
			);
			defaultConfigurationIsVisible = 0;
			defaultConfigurationName = Release;
		};
		25666E5C278EBE7A009B9C78 /* Build configuration list for PBXNativeTarget "NaengjangGO_iOS" */ = {
			isa = XCConfigurationList;
			buildConfigurations = (
				25666E5D278EBE7A009B9C78 /* Debug */,
				25666E5E278EBE7A009B9C78 /* Release */,
			);
			defaultConfigurationIsVisible = 0;
			defaultConfigurationName = Release;
		};
/* End XCConfigurationList section */
	};
	rootObject = 25666E40278EBE79009B9C78 /* Project object */;
}
